// !$*UTF8*$!
{
	archiveVersion = 1;
	classes = {
	};
	objectVersion = 46;
	objects = {

/* Begin PBXBuildFile section */
		068197EB1EF65FBD0078C23C /* AppDelegate.swift in Sources */ = {isa = PBXBuildFile; fileRef = 068197EA1EF65FBD0078C23C /* AppDelegate.swift */; };
		068197ED1EF65FBD0078C23C /* ViewController.swift in Sources */ = {isa = PBXBuildFile; fileRef = 068197EC1EF65FBD0078C23C /* ViewController.swift */; };
		068197F01EF65FBD0078C23C /* Main.storyboard in Resources */ = {isa = PBXBuildFile; fileRef = 068197EE1EF65FBD0078C23C /* Main.storyboard */; };
		068197F21EF65FBD0078C23C /* Assets.xcassets in Resources */ = {isa = PBXBuildFile; fileRef = 068197F11EF65FBD0078C23C /* Assets.xcassets */; };
		068197F51EF65FBD0078C23C /* LaunchScreen.storyboard in Resources */ = {isa = PBXBuildFile; fileRef = 068197F31EF65FBD0078C23C /* LaunchScreen.storyboard */; };
		068198001EF65FBD0078C23C /* MovieAppTests.swift in Sources */ = {isa = PBXBuildFile; fileRef = 068197FF1EF65FBD0078C23C /* MovieAppTests.swift */; };
		0681980B1EF65FBD0078C23C /* MovieAppUITests.swift in Sources */ = {isa = PBXBuildFile; fileRef = 0681980A1EF65FBD0078C23C /* MovieAppUITests.swift */; };
		068198191EF660D10078C23C /* ListViewController.swift in Sources */ = {isa = PBXBuildFile; fileRef = 068198181EF660D10078C23C /* ListViewController.swift */; };
		0681981B1EF661680078C23C /* MovieVO.swift in Sources */ = {isa = PBXBuildFile; fileRef = 0681981A1EF661680078C23C /* MovieVO.swift */; };
		0681981D1EF678B30078C23C /* MovieCell.swift in Sources */ = {isa = PBXBuildFile; fileRef = 0681981C1EF678B30078C23C /* MovieCell.swift */; };
		068198221EF6872B0078C23C /* darknight.jpg in Resources */ = {isa = PBXBuildFile; fileRef = 0681981F1EF6872B0078C23C /* darknight.jpg */; };
		068198231EF6872B0078C23C /* rain.jpg in Resources */ = {isa = PBXBuildFile; fileRef = 068198201EF6872B0078C23C /* rain.jpg */; };
		068198241EF6872B0078C23C /* secret.jpg in Resources */ = {isa = PBXBuildFile; fileRef = 068198211EF6872B0078C23C /* secret.jpg */; };
/* End PBXBuildFile section */

/* Begin PBXContainerItemProxy section */
		068197FC1EF65FBD0078C23C /* PBXContainerItemProxy */ = {
			isa = PBXContainerItemProxy;
			containerPortal = 068197DF1EF65FBD0078C23C /* Project object */;
			proxyType = 1;
			remoteGlobalIDString = 068197E61EF65FBD0078C23C;
			remoteInfo = MovieApp;
		};
		068198071EF65FBD0078C23C /* PBXContainerItemProxy */ = {
			isa = PBXContainerItemProxy;
			containerPortal = 068197DF1EF65FBD0078C23C /* Project object */;
			proxyType = 1;
			remoteGlobalIDString = 068197E61EF65FBD0078C23C;
			remoteInfo = MovieApp;
		};
/* End PBXContainerItemProxy section */

/* Begin PBXFileReference section */
		068197E71EF65FBD0078C23C /* MovieApp.app */ = {isa = PBXFileReference; explicitFileType = wrapper.application; includeInIndex = 0; path = MovieApp.app; sourceTree = BUILT_PRODUCTS_DIR; };
		068197EA1EF65FBD0078C23C /* AppDelegate.swift */ = {isa = PBXFileReference; lastKnownFileType = sourcecode.swift; path = AppDelegate.swift; sourceTree = "<group>"; };
		068197EC1EF65FBD0078C23C /* ViewController.swift */ = {isa = PBXFileReference; lastKnownFileType = sourcecode.swift; path = ViewController.swift; sourceTree = "<group>"; };
		068197EF1EF65FBD0078C23C /* Base */ = {isa = PBXFileReference; lastKnownFileType = file.storyboard; name = Base; path = Base.lproj/Main.storyboard; sourceTree = "<group>"; };
		068197F11EF65FBD0078C23C /* Assets.xcassets */ = {isa = PBXFileReference; lastKnownFileType = folder.assetcatalog; path = Assets.xcassets; sourceTree = "<group>"; };
		068197F41EF65FBD0078C23C /* Base */ = {isa = PBXFileReference; lastKnownFileType = file.storyboard; name = Base; path = Base.lproj/LaunchScreen.storyboard; sourceTree = "<group>"; };
		068197F61EF65FBD0078C23C /* Info.plist */ = {isa = PBXFileReference; lastKnownFileType = text.plist.xml; path = Info.plist; sourceTree = "<group>"; };
		068197FB1EF65FBD0078C23C /* MovieAppTests.xctest */ = {isa = PBXFileReference; explicitFileType = wrapper.cfbundle; includeInIndex = 0; path = MovieAppTests.xctest; sourceTree = BUILT_PRODUCTS_DIR; };
		068197FF1EF65FBD0078C23C /* MovieAppTests.swift */ = {isa = PBXFileReference; lastKnownFileType = sourcecode.swift; path = MovieAppTests.swift; sourceTree = "<group>"; };
		068198011EF65FBD0078C23C /* Info.plist */ = {isa = PBXFileReference; lastKnownFileType = text.plist.xml; path = Info.plist; sourceTree = "<group>"; };
		068198061EF65FBD0078C23C /* MovieAppUITests.xctest */ = {isa = PBXFileReference; explicitFileType = wrapper.cfbundle; includeInIndex = 0; path = MovieAppUITests.xctest; sourceTree = BUILT_PRODUCTS_DIR; };
		0681980A1EF65FBD0078C23C /* MovieAppUITests.swift */ = {isa = PBXFileReference; lastKnownFileType = sourcecode.swift; path = MovieAppUITests.swift; sourceTree = "<group>"; };
		0681980C1EF65FBD0078C23C /* Info.plist */ = {isa = PBXFileReference; lastKnownFileType = text.plist.xml; path = Info.plist; sourceTree = "<group>"; };
		068198181EF660D10078C23C /* ListViewController.swift */ = {isa = PBXFileReference; fileEncoding = 4; lastKnownFileType = sourcecode.swift; path = ListViewController.swift; sourceTree = "<group>"; };
		0681981A1EF661680078C23C /* MovieVO.swift */ = {isa = PBXFileReference; fileEncoding = 4; lastKnownFileType = sourcecode.swift; path = MovieVO.swift; sourceTree = "<group>"; };
		0681981C1EF678B30078C23C /* MovieCell.swift */ = {isa = PBXFileReference; fileEncoding = 4; lastKnownFileType = sourcecode.swift; path = MovieCell.swift; sourceTree = "<group>"; };
		0681981F1EF6872B0078C23C /* darknight.jpg */ = {isa = PBXFileReference; lastKnownFileType = image.jpeg; name = darknight.jpg; path = "../../../Downloads/swift03-basic-master/Thumbnail/darknight.jpg"; sourceTree = "<group>"; };
		068198201EF6872B0078C23C /* rain.jpg */ = {isa = PBXFileReference; lastKnownFileType = image.jpeg; name = rain.jpg; path = "../../../Downloads/swift03-basic-master/Thumbnail/rain.jpg"; sourceTree = "<group>"; };
		068198211EF6872B0078C23C /* secret.jpg */ = {isa = PBXFileReference; lastKnownFileType = image.jpeg; name = secret.jpg; path = "../../../Downloads/swift03-basic-master/Thumbnail/secret.jpg"; sourceTree = "<group>"; };
/* End PBXFileReference section */

/* Begin PBXFrameworksBuildPhase section */
		068197E41EF65FBD0078C23C /* Frameworks */ = {
			isa = PBXFrameworksBuildPhase;
			buildActionMask = 2147483647;
			files = (
			);
			runOnlyForDeploymentPostprocessing = 0;
		};
		068197F81EF65FBD0078C23C /* Frameworks */ = {
			isa = PBXFrameworksBuildPhase;
			buildActionMask = 2147483647;
			files = (
			);
			runOnlyForDeploymentPostprocessing = 0;
		};
		068198031EF65FBD0078C23C /* Frameworks */ = {
			isa = PBXFrameworksBuildPhase;
			buildActionMask = 2147483647;
			files = (
			);
			runOnlyForDeploymentPostprocessing = 0;
		};
/* End PBXFrameworksBuildPhase section */

/* Begin PBXGroup section */
		068197DE1EF65FBD0078C23C = {
			isa = PBXGroup;
			children = (
				068197E91EF65FBD0078C23C /* MovieApp */,
				068197FE1EF65FBD0078C23C /* MovieAppTests */,
				068198091EF65FBD0078C23C /* MovieAppUITests */,
				068197E81EF65FBD0078C23C /* Products */,
			);
			sourceTree = "<group>";
		};
		068197E81EF65FBD0078C23C /* Products */ = {
			isa = PBXGroup;
			children = (
				068197E71EF65FBD0078C23C /* MovieApp.app */,
				068197FB1EF65FBD0078C23C /* MovieAppTests.xctest */,
				068198061EF65FBD0078C23C /* MovieAppUITests.xctest */,
			);
			name = Products;
			sourceTree = "<group>";
		};
		068197E91EF65FBD0078C23C /* MovieApp */ = {
			isa = PBXGroup;
			children = (
				0681981E1EF687150078C23C /* New Group */,
				068197EA1EF65FBD0078C23C /* AppDelegate.swift */,
				068197EC1EF65FBD0078C23C /* ViewController.swift */,
				068197EE1EF65FBD0078C23C /* Main.storyboard */,
				0681981C1EF678B30078C23C /* MovieCell.swift */,
				0681981A1EF661680078C23C /* MovieVO.swift */,
				068198181EF660D10078C23C /* ListViewController.swift */,
				068197F11EF65FBD0078C23C /* Assets.xcassets */,
				068197F31EF65FBD0078C23C /* LaunchScreen.storyboard */,
				068197F61EF65FBD0078C23C /* Info.plist */,
			);
			path = MovieApp;
			sourceTree = "<group>";
		};
		068197FE1EF65FBD0078C23C /* MovieAppTests */ = {
			isa = PBXGroup;
			children = (
				068197FF1EF65FBD0078C23C /* MovieAppTests.swift */,
				068198011EF65FBD0078C23C /* Info.plist */,
			);
			path = MovieAppTests;
			sourceTree = "<group>";
		};
		068198091EF65FBD0078C23C /* MovieAppUITests */ = {
			isa = PBXGroup;
			children = (
				0681980A1EF65FBD0078C23C /* MovieAppUITests.swift */,
				0681980C1EF65FBD0078C23C /* Info.plist */,
			);
			path = MovieAppUITests;
			sourceTree = "<group>";
		};
		0681981E1EF687150078C23C /* New Group */ = {
			isa = PBXGroup;
			children = (
				0681981F1EF6872B0078C23C /* darknight.jpg */,
				068198201EF6872B0078C23C /* rain.jpg */,
				068198211EF6872B0078C23C /* secret.jpg */,
			);
			name = "New Group";
			sourceTree = "<group>";
		};
/* End PBXGroup section */

/* Begin PBXNativeTarget section */
		068197E61EF65FBD0078C23C /* MovieApp */ = {
			isa = PBXNativeTarget;
			buildConfigurationList = 0681980F1EF65FBD0078C23C /* Build configuration list for PBXNativeTarget "MovieApp" */;
			buildPhases = (
				068197E31EF65FBD0078C23C /* Sources */,
				068197E41EF65FBD0078C23C /* Frameworks */,
				068197E51EF65FBD0078C23C /* Resources */,
			);
			buildRules = (
			);
			dependencies = (
			);
			name = MovieApp;
			productName = MovieApp;
			productReference = 068197E71EF65FBD0078C23C /* MovieApp.app */;
			productType = "com.apple.product-type.application";
		};
		068197FA1EF65FBD0078C23C /* MovieAppTests */ = {
			isa = PBXNativeTarget;
			buildConfigurationList = 068198121EF65FBD0078C23C /* Build configuration list for PBXNativeTarget "MovieAppTests" */;
			buildPhases = (
				068197F71EF65FBD0078C23C /* Sources */,
				068197F81EF65FBD0078C23C /* Frameworks */,
				068197F91EF65FBD0078C23C /* Resources */,
			);
			buildRules = (
			);
			dependencies = (
				068197FD1EF65FBD0078C23C /* PBXTargetDependency */,
			);
			name = MovieAppTests;
			productName = MovieAppTests;
			productReference = 068197FB1EF65FBD0078C23C /* MovieAppTests.xctest */;
			productType = "com.apple.product-type.bundle.unit-test";
		};
		068198051EF65FBD0078C23C /* MovieAppUITests */ = {
			isa = PBXNativeTarget;
			buildConfigurationList = 068198151EF65FBD0078C23C /* Build configuration list for PBXNativeTarget "MovieAppUITests" */;
			buildPhases = (
				068198021EF65FBD0078C23C /* Sources */,
				068198031EF65FBD0078C23C /* Frameworks */,
				068198041EF65FBD0078C23C /* Resources */,
			);
			buildRules = (
			);
			dependencies = (
				068198081EF65FBD0078C23C /* PBXTargetDependency */,
			);
			name = MovieAppUITests;
			productName = MovieAppUITests;
			productReference = 068198061EF65FBD0078C23C /* MovieAppUITests.xctest */;
			productType = "com.apple.product-type.bundle.ui-testing";
		};
/* End PBXNativeTarget section */

/* Begin PBXProject section */
		068197DF1EF65FBD0078C23C /* Project object */ = {
			isa = PBXProject;
			attributes = {
				LastSwiftUpdateCheck = 0830;
				LastUpgradeCheck = 0830;
				ORGANIZATIONNAME = "Lena Lee";
				TargetAttributes = {
					068197E61EF65FBD0078C23C = {
						CreatedOnToolsVersion = 8.3.3;
						DevelopmentTeam = 4E643Y244C;
						ProvisioningStyle = Automatic;
					};
					068197FA1EF65FBD0078C23C = {
						CreatedOnToolsVersion = 8.3.3;
						ProvisioningStyle = Automatic;
						TestTargetID = 068197E61EF65FBD0078C23C;
					};
					068198051EF65FBD0078C23C = {
						CreatedOnToolsVersion = 8.3.3;
						ProvisioningStyle = Automatic;
						TestTargetID = 068197E61EF65FBD0078C23C;
					};
				};
			};
			buildConfigurationList = 068197E21EF65FBD0078C23C /* Build configuration list for PBXProject "MovieApp" */;
			compatibilityVersion = "Xcode 3.2";
			developmentRegion = English;
			hasScannedForEncodings = 0;
			knownRegions = (
				en,
				Base,
			);
			mainGroup = 068197DE1EF65FBD0078C23C;
			productRefGroup = 068197E81EF65FBD0078C23C /* Products */;
			projectDirPath = "";
			projectRoot = "";
			targets = (
				068197E61EF65FBD0078C23C /* MovieApp */,
				068197FA1EF65FBD0078C23C /* MovieAppTests */,
				068198051EF65FBD0078C23C /* MovieAppUITests */,
			);
		};
/* End PBXProject section */

/* Begin PBXResourcesBuildPhase section */
		068197E51EF65FBD0078C23C /* Resources */ = {
			isa = PBXResourcesBuildPhase;
			buildActionMask = 2147483647;
			files = (
				068198221EF6872B0078C23C /* darknight.jpg in Resources */,
				068198241EF6872B0078C23C /* secret.jpg in Resources */,
				068198231EF6872B0078C23C /* rain.jpg in Resources */,
				068197F51EF65FBD0078C23C /* LaunchScreen.storyboard in Resources */,
				068197F21EF65FBD0078C23C /* Assets.xcassets in Resources */,
				068197F01EF65FBD0078C23C /* Main.storyboard in Resources */,
			);
			runOnlyForDeploymentPostprocessing = 0;
		};
		068197F91EF65FBD0078C23C /* Resources */ = {
			isa = PBXResourcesBuildPhase;
			buildActionMask = 2147483647;
			files = (
			);
			runOnlyForDeploymentPostprocessing = 0;
		};
		068198041EF65FBD0078C23C /* Resources */ = {
			isa = PBXResourcesBuildPhase;
			buildActionMask = 2147483647;
			files = (
			);
			runOnlyForDeploymentPostprocessing = 0;
		};
/* End PBXResourcesBuildPhase section */

/* Begin PBXSourcesBuildPhase section */
		068197E31EF65FBD0078C23C /* Sources */ = {
			isa = PBXSourcesBuildPhase;
			buildActionMask = 2147483647;
			files = (
				068197ED1EF65FBD0078C23C /* ViewController.swift in Sources */,
				0681981B1EF661680078C23C /* MovieVO.swift in Sources */,
				068197EB1EF65FBD0078C23C /* AppDelegate.swift in Sources */,
				0681981D1EF678B30078C23C /* MovieCell.swift in Sources */,
				068198191EF660D10078C23C /* ListViewController.swift in Sources */,
			);
			runOnlyForDeploymentPostprocessing = 0;
		};
		068197F71EF65FBD0078C23C /* Sources */ = {
			isa = PBXSourcesBuildPhase;
			buildActionMask = 2147483647;
			files = (
				068198001EF65FBD0078C23C /* MovieAppTests.swift in Sources */,
			);
			runOnlyForDeploymentPostprocessing = 0;
		};
		068198021EF65FBD0078C23C /* Sources */ = {
			isa = PBXSourcesBuildPhase;
			buildActionMask = 2147483647;
			files = (
				0681980B1EF65FBD0078C23C /* MovieAppUITests.swift in Sources */,
			);
			runOnlyForDeploymentPostprocessing = 0;
		};
/* End PBXSourcesBuildPhase section */

/* Begin PBXTargetDependency section */
		068197FD1EF65FBD0078C23C /* PBXTargetDependency */ = {
			isa = PBXTargetDependency;
			target = 068197E61EF65FBD0078C23C /* MovieApp */;
			targetProxy = 068197FC1EF65FBD0078C23C /* PBXContainerItemProxy */;
		};
		068198081EF65FBD0078C23C /* PBXTargetDependency */ = {
			isa = PBXTargetDependency;
			target = 068197E61EF65FBD0078C23C /* MovieApp */;
			targetProxy = 068198071EF65FBD0078C23C /* PBXContainerItemProxy */;
		};
/* End PBXTargetDependency section */

/* Begin PBXVariantGroup section */
		068197EE1EF65FBD0078C23C /* Main.storyboard */ = {
			isa = PBXVariantGroup;
			children = (
				068197EF1EF65FBD0078C23C /* Base */,
			);
			name = Main.storyboard;
			sourceTree = "<group>";
		};
		068197F31EF65FBD0078C23C /* LaunchScreen.storyboard */ = {
			isa = PBXVariantGroup;
			children = (
				068197F41EF65FBD0078C23C /* Base */,
			);
			name = LaunchScreen.storyboard;
			sourceTree = "<group>";
		};
/* End PBXVariantGroup section */

/* Begin XCBuildConfiguration section */
		0681980D1EF65FBD0078C23C /* Debug */ = {
			isa = XCBuildConfiguration;
			buildSettings = {
				ALWAYS_SEARCH_USER_PATHS = NO;
				CLANG_ANALYZER_NONNULL = YES;
				CLANG_ANALYZER_NUMBER_OBJECT_CONVERSION = YES_AGGRESSIVE;
				CLANG_CXX_LANGUAGE_STANDARD = "gnu++0x";
				CLANG_CXX_LIBRARY = "libc++";
				CLANG_ENABLE_MODULES = YES;
				CLANG_ENABLE_OBJC_ARC = YES;
				CLANG_WARN_BOOL_CONVERSION = YES;
				CLANG_WARN_CONSTANT_CONVERSION = YES;
				CLANG_WARN_DIRECT_OBJC_ISA_USAGE = YES_ERROR;
				CLANG_WARN_DOCUMENTATION_COMMENTS = YES;
				CLANG_WARN_EMPTY_BODY = YES;
				CLANG_WARN_ENUM_CONVERSION = YES;
				CLANG_WARN_INFINITE_RECURSION = YES;
				CLANG_WARN_INT_CONVERSION = YES;
				CLANG_WARN_OBJC_ROOT_CLASS = YES_ERROR;
				CLANG_WARN_SUSPICIOUS_MOVE = YES;
				CLANG_WARN_UNREACHABLE_CODE = YES;
				CLANG_WARN__DUPLICATE_METHOD_MATCH = YES;
				"CODE_SIGN_IDENTITY[sdk=iphoneos*]" = "iPhone Developer";
				COPY_PHASE_STRIP = NO;
				DEBUG_INFORMATION_FORMAT = dwarf;
				ENABLE_STRICT_OBJC_MSGSEND = YES;
				ENABLE_TESTABILITY = YES;
				GCC_C_LANGUAGE_STANDARD = gnu99;
				GCC_DYNAMIC_NO_PIC = NO;
				GCC_NO_COMMON_BLOCKS = YES;
				GCC_OPTIMIZATION_LEVEL = 0;
				GCC_PREPROCESSOR_DEFINITIONS = (
					"DEBUG=1",
					"$(inherited)",
				);
				GCC_WARN_64_TO_32_BIT_CONVERSION = YES;
				GCC_WARN_ABOUT_RETURN_TYPE = YES_ERROR;
				GCC_WARN_UNDECLARED_SELECTOR = YES;
				GCC_WARN_UNINITIALIZED_AUTOS = YES_AGGRESSIVE;
				GCC_WARN_UNUSED_FUNCTION = YES;
				GCC_WARN_UNUSED_VARIABLE = YES;
				IPHONEOS_DEPLOYMENT_TARGET = 10.3;
				MTL_ENABLE_DEBUG_INFO = YES;
				ONLY_ACTIVE_ARCH = YES;
				SDKROOT = iphoneos;
				SWIFT_ACTIVE_COMPILATION_CONDITIONS = DEBUG;
				SWIFT_OPTIMIZATION_LEVEL = "-Onone";
				TARGETED_DEVICE_FAMILY = "1,2";
			};
			name = Debug;
		};
		0681980E1EF65FBD0078C23C /* Release */ = {
			isa = XCBuildConfiguration;
			buildSettings = {
				ALWAYS_SEARCH_USER_PATHS = NO;
				CLANG_ANALYZER_NONNULL = YES;
				CLANG_ANALYZER_NUMBER_OBJECT_CONVERSION = YES_AGGRESSIVE;
				CLANG_CXX_LANGUAGE_STANDARD = "gnu++0x";
				CLANG_CXX_LIBRARY = "libc++";
				CLANG_ENABLE_MODULES = YES;
				CLANG_ENABLE_OBJC_ARC = YES;
				CLANG_WARN_BOOL_CONVERSION = YES;
				CLANG_WARN_CONSTANT_CONVERSION = YES;
				CLANG_WARN_DIRECT_OBJC_ISA_USAGE = YES_ERROR;
				CLANG_WARN_DOCUMENTATION_COMMENTS = YES;
				CLANG_WARN_EMPTY_BODY = YES;
				CLANG_WARN_ENUM_CONVERSION = YES;
				CLANG_WARN_INFINITE_RECURSION = YES;
				CLANG_WARN_INT_CONVERSION = YES;
				CLANG_WARN_OBJC_ROOT_CLASS = YES_ERROR;
				CLANG_WARN_SUSPICIOUS_MOVE = YES;
				CLANG_WARN_UNREACHABLE_CODE = YES;
				CLANG_WARN__DUPLICATE_METHOD_MATCH = YES;
				"CODE_SIGN_IDENTITY[sdk=iphoneos*]" = "iPhone Developer";
				COPY_PHASE_STRIP = NO;
				DEBUG_INFORMATION_FORMAT = "dwarf-with-dsym";
				ENABLE_NS_ASSERTIONS = NO;
				ENABLE_STRICT_OBJC_MSGSEND = YES;
				GCC_C_LANGUAGE_STANDARD = gnu99;
				GCC_NO_COMMON_BLOCKS = YES;
				GCC_WARN_64_TO_32_BIT_CONVERSION = YES;
				GCC_WARN_ABOUT_RETURN_TYPE = YES_ERROR;
				GCC_WARN_UNDECLARED_SELECTOR = YES;
				GCC_WARN_UNINITIALIZED_AUTOS = YES_AGGRESSIVE;
				GCC_WARN_UNUSED_FUNCTION = YES;
				GCC_WARN_UNUSED_VARIABLE = YES;
				IPHONEOS_DEPLOYMENT_TARGET = 10.3;
				MTL_ENABLE_DEBUG_INFO = NO;
				SDKROOT = iphoneos;
				SWIFT_OPTIMIZATION_LEVEL = "-Owholemodule";
				TARGETED_DEVICE_FAMILY = "1,2";
				VALIDATE_PRODUCT = YES;
			};
			name = Release;
		};
		068198101EF65FBD0078C23C /* Debug */ = {
			isa = XCBuildConfiguration;
			buildSettings = {
				ASSETCATALOG_COMPILER_APPICON_NAME = AppIcon;
				DEVELOPMENT_TEAM = 4E643Y244C;
				INFOPLIST_FILE = MovieApp/Info.plist;
				LD_RUNPATH_SEARCH_PATHS = "$(inherited) @executable_path/Frameworks";
				PRODUCT_BUNDLE_IDENTIFIER = hh.MovieApp;
				PRODUCT_NAME = "$(TARGET_NAME)";
				SWIFT_VERSION = 3.0;
			};
			name = Debug;
		};
		068198111EF65FBD0078C23C /* Release */ = {
			isa = XCBuildConfiguration;
			buildSettings = {
				ASSETCATALOG_COMPILER_APPICON_NAME = AppIcon;
				DEVELOPMENT_TEAM = 4E643Y244C;
				INFOPLIST_FILE = MovieApp/Info.plist;
				LD_RUNPATH_SEARCH_PATHS = "$(inherited) @executable_path/Frameworks";
				PRODUCT_BUNDLE_IDENTIFIER = hh.MovieApp;
				PRODUCT_NAME = "$(TARGET_NAME)";
				SWIFT_VERSION = 3.0;
			};
			name = Release;
		};
		068198131EF65FBD0078C23C /* Debug */ = {
			isa = XCBuildConfiguration;
			buildSettings = {
				ALWAYS_EMBED_SWIFT_STANDARD_LIBRARIES = YES;
				BUNDLE_LOADER = "$(TEST_HOST)";
				INFOPLIST_FILE = MovieAppTests/Info.plist;
				LD_RUNPATH_SEARCH_PATHS = "$(inherited) @executable_path/Frameworks @loader_path/Frameworks";
				PRODUCT_BUNDLE_IDENTIFIER = hh.MovieAppTests;
				PRODUCT_NAME = "$(TARGET_NAME)";
				SWIFT_VERSION = 3.0;
				TEST_HOST = "$(BUILT_PRODUCTS_DIR)/MovieApp.app/MovieApp";
			};
			name = Debug;
		};
		068198141EF65FBD0078C23C /* Release */ = {
			isa = XCBuildConfiguration;
			buildSettings = {
				ALWAYS_EMBED_SWIFT_STANDARD_LIBRARIES = YES;
				BUNDLE_LOADER = "$(TEST_HOST)";
				INFOPLIST_FILE = MovieAppTests/Info.plist;
				LD_RUNPATH_SEARCH_PATHS = "$(inherited) @executable_path/Frameworks @loader_path/Frameworks";
				PRODUCT_BUNDLE_IDENTIFIER = hh.MovieAppTests;
				PRODUCT_NAME = "$(TARGET_NAME)";
				SWIFT_VERSION = 3.0;
				TEST_HOST = "$(BUILT_PRODUCTS_DIR)/MovieApp.app/MovieApp";
			};
			name = Release;
		};
		068198161EF65FBD0078C23C /* Debug */ = {
			isa = XCBuildConfiguration;
			buildSettings = {
				ALWAYS_EMBED_SWIFT_STANDARD_LIBRARIES = YES;
				INFOPLIST_FILE = MovieAppUITests/Info.plist;
				LD_RUNPATH_SEARCH_PATHS = "$(inherited) @executable_path/Frameworks @loader_path/Frameworks";
				PRODUCT_BUNDLE_IDENTIFIER = hh.MovieAppUITests;
				PRODUCT_NAME = "$(TARGET_NAME)";
				SWIFT_VERSION = 3.0;
				TEST_TARGET_NAME = MovieApp;
			};
			name = Debug;
		};
		068198171EF65FBD0078C23C /* Release */ = {
			isa = XCBuildConfiguration;
			buildSettings = {
				ALWAYS_EMBED_SWIFT_STANDARD_LIBRARIES = YES;
				INFOPLIST_FILE = MovieAppUITests/Info.plist;
				LD_RUNPATH_SEARCH_PATHS = "$(inherited) @executable_path/Frameworks @loader_path/Frameworks";
				PRODUCT_BUNDLE_IDENTIFIER = hh.MovieAppUITests;
				PRODUCT_NAME = "$(TARGET_NAME)";
				SWIFT_VERSION = 3.0;
				TEST_TARGET_NAME = MovieApp;
			};
			name = Release;
		};
/* End XCBuildConfiguration section */

/* Begin XCConfigurationList section */
		068197E21EF65FBD0078C23C /* Build configuration list for PBXProject "MovieApp" */ = {
			isa = XCConfigurationList;
			buildConfigurations = (
				0681980D1EF65FBD0078C23C /* Debug */,
				0681980E1EF65FBD0078C23C /* Release */,
			);
			defaultConfigurationIsVisible = 0;
			defaultConfigurationName = Release;
		};
		0681980F1EF65FBD0078C23C /* Build configuration list for PBXNativeTarget "MovieApp" */ = {
			isa = XCConfigurationList;
			buildConfigurations = (
				068198101EF65FBD0078C23C /* Debug */,
				068198111EF65FBD0078C23C /* Release */,
			);
			defaultConfigurationIsVisible = 0;
		};
		068198121EF65FBD0078C23C /* Build configuration list for PBXNativeTarget "MovieAppTests" */ = {
			isa = XCConfigurationList;
			buildConfigurations = (
				068198131EF65FBD0078C23C /* Debug */,
				068198141EF65FBD0078C23C /* Release */,
			);
			defaultConfigurationIsVisible = 0;
		};
		068198151EF65FBD0078C23C /* Build configuration list for PBXNativeTarget "MovieAppUITests" */ = {
			isa = XCConfigurationList;
			buildConfigurations = (
				068198161EF65FBD0078C23C /* Debug */,
				068198171EF65FBD0078C23C /* Release */,
			);
			defaultConfigurationIsVisible = 0;
		};
/* End XCConfigurationList section */
	};
	rootObject = 068197DF1EF65FBD0078C23C /* Project object */;
}
